codeberg.org/gruf/go-bytes v1.0.2 h1:malqE42Ni+h1nnYWBUAJaDDtEzF4aeN4uPN8DfMNNvo=
codeberg.org/gruf/go-bytes v1.0.2/go.mod h1:1v/ibfaosfXSZtRdW2rWaVrDXMc9E3bsi/M9Ekx39cg=
codeberg.org/gruf/go-config v1.0.0 h1:8tkTxtC2WodfVSg+Res4CZ528yE8wJ5koLWlUvO0nuY=
codeberg.org/gruf/go-config v1.0.0/go.mod h1:+n6jowdtCTSWo2W+Agfsz5ttTHukKNvlzzqE7ZBhJiE=
codeberg.org/gruf/go-errors v1.0.4 h1:jOJCn/GMb6ELLRVlnmpimGRC2CbTreH5/CBZNWh9GZA=
codeberg.org/gruf/go-errors v1.0.4/go.mod h1:rJ08LdIE79Jg8vZ2TGylz/I+tZ1UuMJkGK5mNambIfQ=
codeberg.org/gruf/go-logger v1.3.1/go.mod h1:tBduUc+Yb9vqGRxY9/FB0ZlYznSteLy/KmIANo7zFjA=
codeberg.org/gruf/go-logger v1.3.2 h1:/2Cg8Tmu6H10lljq/BvHE+76O2d4tDNUDwitN6YUxxk=
codeberg.org/gruf/go-logger v1.3.2/go.mod h1:q4xmTSdaxPzfndSXVF1X2xcyCVk7Nd/PIWCDs/4biMg=
codeberg.org/gruf/go-nowish v1.0.2/go.mod h1:70nvICNcqQ9OHpF07N614Dyk7cpL5ToWU1K1ZVCec2s=
codeberg.org/gruf/go-nowish v1.1.0 h1:rj1z0AXDhLvnxs/DazWFxYAugs6rv5vhgWJkRCgrESg=
codeberg.org/gruf/go-nowish v1.1.0/go.mod h1:70nvICNcqQ9OHpF07N614Dyk7cpL5ToWU1K1ZVCec2s=
github.com/davecgh/go-spew v1.1.0/go.mod h1:J7Y8YcW2NihsgmVo/mv3lAwl/skON4iLHjSsI+c5H38=
github.com/davecgh/go-spew v1.1.1/go.mod h1:J7Y8YcW2NihsgmVo/mv3lAwl/skON4iLHjSsI+c5H38=
github.com/kr/pretty v0.1.0/go.mod h1:dAy3ld7l9f0ibDNOQOHHMYYIIbhfbHSm3C4ZsoJORNo=
github.com/kr/pty v1.1.1/go.mod h1:pFQYn66WHrOpPYNljwOMqo10TkYh1fy3cYio2l3bCsQ=
github.com/kr/text v0.1.0/go.mod h1:4Jbv+DJW3UT/LiOwJeYQe1efqtUx/iVham/4vfdArNI=
github.com/pelletier/go-toml v1.9.4 h1:tjENF6MfZAg8e4ZmZTeWaWiT2vXtsoO6+iuOjFhECwM=
github.com/pelletier/go-toml v1.9.4/go.mod h1:u1nR/EPcESfeI/szUZKdtJ0xRNbUoANCkoOuaOx1Y+c=
github.com/pmezard/go-difflib v1.0.0/go.mod h1:iKH77koFhYxTK1pcRnkKkqfTogsbg7gZNVY4sRDYZ/4=
github.com/sirupsen/logrus v1.8.1 h1:dJKuHgqk1NNQlqoA6BTlM1Wf9DOH3NBjQyu0h9+AZZE=
github.com/sirupsen/logrus v1.8.1/go.mod h1:yWOB1SBYBC5VeMP7gHvWumXLIWorT60ONWic61uBYv0=
github.com/stretchr/objx v0.1.0/go.mod h1:HFkY916IF+rwdDfMAkV7OtwuqBVzrE8GR6GFx+wExME=
github.com/stretchr/testify v1.2.2/go.mod h1:a8OnRcib4nhh0OaRAV+Yts87kKdq0PP7pXfy6kDkUVs=
github.com/stretchr/testify v1.7.0/go.mod h1:6Fq8oRcR53rry900zMqJjRRixrwX3KX962/h/Wwjteg=
golang.org/x/sys v0.0.0-20191026070338-33540a1f6037 h1:YyJpGZS1sBuBCzLAR1VEpK193GlqGZbnPFnPV/5Rsb4=
golang.org/x/sys v0.0.0-20191026070338-33540a1f6037/go.mod h1:h1NjWce9XRLGQEsW7wpKNCjG9DtNlClVuFLEZdDNbEs=
gopkg.in/check.v1 v0.0.0-20161208181325-20d25e280405/go.mod h1:Co6ibVJAznAaIkqp8huTwlJQCZ016jof/cbN4VW5Yz0=
gopkg.in/check.v1 v1.0.0-20180628173108-788fd7840127/go.mod h1:Co6ibVJAznAaIkqp8huTwlJQCZ016jof/cbN4VW5Yz0=
gopkg.in/yaml.v3 v3.0.0-20200313102051-9f266ea9e77c/go.mod h1:K4uyk7z7BCEPqu6E+C64Yfv1cQ7kz7rIZviUmN+EgEM=
gopkg.in/yaml.v3 v3.0.0-20210107192922-496545a6307b/go.mod h1:K4uyk7z7BCEPqu6E+C64Yfv1cQ7kz7rIZviUmN+EgEM=
